schema: '2.0'
stages:
  prepare:
    cmd: python src/prepare.py data/raw/Outpatient.pkl
    deps:
    - path: data/raw/Outpatient.pkl
      md5: 1721bad7bf4a23512ea426f6cf21415e
      size: 540434799
    - path: src/prepare.py
      md5: 1b8f778b13346eeeff8701de5e7bf4b3
      size: 3478
    params:
      params.yaml:
        prepare.random_seed: 42
        prepare.test_ratio: 0.2
    outs:
    - path: data/prepared
      md5: 1d46ec24298745666fdd3ac47b708a61.dir
      size: 136204
      nfiles: 2
  features:
    cmd: python src/features.py data/raw/Outpatient.pkl
    deps:
    - path: data/raw/Outpatient.pkl
      md5: 1721bad7bf4a23512ea426f6cf21415e
      size: 540434799
    - path: src/features.py
      md5: fc6e74211573a30e80756af76cd56435
      size: 2529
    outs:
    - path: data/features/feature_vectors_dictionary.pkl
      md5: f4a0444509dde55c2b44b17aaa21d2fc
      size: 37085561417
